
Microsoft Visual Studio Solution File, Format Version 12.00
# Visual Studio Version 16
VisualStudioVersion = 16.0.30114.105
MinimumVisualStudioVersion = 10.0.40219.1
Project("{FAE04EC0-301F-11D3-BF4B-00C04F79EFBC}") = "Ejercicio-2", "Ejercicio-2.csproj", "{4CC57F3C-2109-4A03-8644-25E351315DAB}"
EndProject
Global
	GlobalSection(SolutionConfigurationPlatforms) = preSolution
		Debug|Any CPU = Debug|Any CPU
		Release|Any CPU = Release|Any CPU
	EndGlobalSection
	GlobalSection(ProjectConfigurationPlatforms) = postSolution
		{4CC57F3C-2109-4A03-8644-25E351315DAB}.Debug|Any CPU.ActiveCfg = Debug|Any CPU
		{4CC57F3C-2109-4A03-8644-25E351315DAB}.Debug|Any CPU.Build.0 = Debug|Any CPU
		{4CC57F3C-2109-4A03-8644-25E351315DAB}.Release|Any CPU.ActiveCfg = Release|Any CPU
		{4CC57F3C-2109-4A03-8644-25E351315DAB}.Release|Any CPU.Build.0 = Release|Any CPU
	EndGlobalSection
	GlobalSection(SolutionProperties) = preSolution
		HideSolutionNode = FALSE
	EndGlobalSection
	GlobalSection(ExtensibilityGlobals) = postSolution
		SolutionGuid = {7ABA7606-7411-43F9-8676-6364CCAA6887}
	EndGlobalSection
EndGlobal
